// !$*UTF8*$!
{
	archiveVersion = 1;
	classes = {
	};
	objectVersion = 56;
	objects = {

/* Begin PBXBuildFile section */
		1C0F8FAF2AA71CC70076A957 /* BuskersApp.swift in Sources */ = {isa = PBXBuildFile; fileRef = 1C0F8FAE2AA71CC70076A957 /* BuskersApp.swift */; };
		1C0F8FB12AA71CC70076A957 /* ContentView.swift in Sources */ = {isa = PBXBuildFile; fileRef = 1C0F8FB02AA71CC70076A957 /* ContentView.swift */; };
		1C0F8FB32AA71CCA0076A957 /* Assets.xcassets in Resources */ = {isa = PBXBuildFile; fileRef = 1C0F8FB22AA71CCA0076A957 /* Assets.xcassets */; };
		1C0F8FB62AA71CCA0076A957 /* Preview Assets.xcassets in Resources */ = {isa = PBXBuildFile; fileRef = 1C0F8FB52AA71CCA0076A957 /* Preview Assets.xcassets */; };
		1C0F8FC72AA80B790076A957 /* buskers.txt in Resources */ = {isa = PBXBuildFile; fileRef = 1C0F8FC62AA80B790076A957 /* buskers.txt */; };
		1C0F8FEC2AA8DA580076A957 /* LandingPageView.swift in Sources */ = {isa = PBXBuildFile; fileRef = 1C0F8FEB2AA8DA580076A957 /* LandingPageView.swift */; };
		1C0F8FEF2AA95D2C0076A957 /* LocationManager.swift in Sources */ = {isa = PBXBuildFile; fileRef = 1C0F8FEE2AA95D2C0076A957 /* LocationManager.swift */; };
		1C0F8FF12AA9622F0076A957 /* LoadingView.swift in Sources */ = {isa = PBXBuildFile; fileRef = 1C0F8FF02AA9622F0076A957 /* LoadingView.swift */; };
		1C4CEB392AA96AF30057C68A /* BuskerManager.swift in Sources */ = {isa = PBXBuildFile; fileRef = 1C4CEB382AA96AF30057C68A /* BuskerManager.swift */; };
		1C4CEB3B2AA96B7E0057C68A /* SwipeView.swift in Sources */ = {isa = PBXBuildFile; fileRef = 1C4CEB3A2AA96B7E0057C68A /* SwipeView.swift */; };
		1C4CEB452AA9BAFC0057C68A /* BuskerView.swift in Sources */ = {isa = PBXBuildFile; fileRef = 1C4CEB442AA9BAFC0057C68A /* BuskerView.swift */; };
		1C4CEB472AA9BB2B0057C68A /* CarousellView.swift in Sources */ = {isa = PBXBuildFile; fileRef = 1C4CEB462AA9BB2B0057C68A /* CarousellView.swift */; };
		1C4CEB4B2AA9BB730057C68A /* MusicPlayerView.swift in Sources */ = {isa = PBXBuildFile; fileRef = 1C4CEB4A2AA9BB730057C68A /* MusicPlayerView.swift */; };
		1C4CEB4D2AA9EFC90057C68A /* BioView.swift in Sources */ = {isa = PBXBuildFile; fileRef = 1C4CEB4C2AA9EFC90057C68A /* BioView.swift */; };
		1C4CEB4F2AA9F75F0057C68A /* NameCardView.swift in Sources */ = {isa = PBXBuildFile; fileRef = 1C4CEB4E2AA9F75F0057C68A /* NameCardView.swift */; };
		1C4CEB512AA9FACF0057C68A /* enchanted.mp3 in Resources */ = {isa = PBXBuildFile; fileRef = 1C4CEB502AA9FACF0057C68A /* enchanted.mp3 */; };
		9C70FCA02AAA2B4000F409D8 /* PieChartBeta.swift in Sources */ = {isa = PBXBuildFile; fileRef = 9C70FC9E2AAA2B4000F409D8 /* PieChartBeta.swift */; };
		9C70FCA12AAA2B4000F409D8 /* GenreCalc.swift in Sources */ = {isa = PBXBuildFile; fileRef = 9C70FC9F2AAA2B4000F409D8 /* GenreCalc.swift */; };
/* End PBXBuildFile section */

/* Begin PBXFileReference section */
		1C0F8FAB2AA71CC70076A957 /* Buskers.app */ = {isa = PBXFileReference; explicitFileType = wrapper.application; includeInIndex = 0; path = Buskers.app; sourceTree = BUILT_PRODUCTS_DIR; };
		1C0F8FAE2AA71CC70076A957 /* BuskersApp.swift */ = {isa = PBXFileReference; lastKnownFileType = sourcecode.swift; path = BuskersApp.swift; sourceTree = "<group>"; };
		1C0F8FB02AA71CC70076A957 /* ContentView.swift */ = {isa = PBXFileReference; lastKnownFileType = sourcecode.swift; path = ContentView.swift; sourceTree = "<group>"; };
		1C0F8FB22AA71CCA0076A957 /* Assets.xcassets */ = {isa = PBXFileReference; lastKnownFileType = folder.assetcatalog; path = Assets.xcassets; sourceTree = "<group>"; };
		1C0F8FB52AA71CCA0076A957 /* Preview Assets.xcassets */ = {isa = PBXFileReference; lastKnownFileType = folder.assetcatalog; path = "Preview Assets.xcassets"; sourceTree = "<group>"; };
		1C0F8FC62AA80B790076A957 /* buskers.txt */ = {isa = PBXFileReference; fileEncoding = 4; lastKnownFileType = text; path = buskers.txt; sourceTree = "<group>"; };
		1C0F8FEB2AA8DA580076A957 /* LandingPageView.swift */ = {isa = PBXFileReference; lastKnownFileType = sourcecode.swift; path = LandingPageView.swift; sourceTree = "<group>"; };
		1C0F8FEE2AA95D2C0076A957 /* LocationManager.swift */ = {isa = PBXFileReference; lastKnownFileType = sourcecode.swift; path = LocationManager.swift; sourceTree = "<group>"; };
		1C0F8FF02AA9622F0076A957 /* LoadingView.swift */ = {isa = PBXFileReference; lastKnownFileType = sourcecode.swift; path = LoadingView.swift; sourceTree = "<group>"; };
		1C4CEB382AA96AF30057C68A /* BuskerManager.swift */ = {isa = PBXFileReference; lastKnownFileType = sourcecode.swift; path = BuskerManager.swift; sourceTree = "<group>"; };
		1C4CEB3A2AA96B7E0057C68A /* SwipeView.swift */ = {isa = PBXFileReference; lastKnownFileType = sourcecode.swift; path = SwipeView.swift; sourceTree = "<group>"; };
		1C4CEB442AA9BAFC0057C68A /* BuskerView.swift */ = {isa = PBXFileReference; lastKnownFileType = sourcecode.swift; path = BuskerView.swift; sourceTree = "<group>"; };
		1C4CEB462AA9BB2B0057C68A /* CarousellView.swift */ = {isa = PBXFileReference; lastKnownFileType = sourcecode.swift; path = CarousellView.swift; sourceTree = "<group>"; };
		1C4CEB4A2AA9BB730057C68A /* MusicPlayerView.swift */ = {isa = PBXFileReference; lastKnownFileType = sourcecode.swift; path = MusicPlayerView.swift; sourceTree = "<group>"; };
		1C4CEB4C2AA9EFC90057C68A /* BioView.swift */ = {isa = PBXFileReference; lastKnownFileType = sourcecode.swift; path = BioView.swift; sourceTree = "<group>"; };
		1C4CEB4E2AA9F75F0057C68A /* NameCardView.swift */ = {isa = PBXFileReference; lastKnownFileType = sourcecode.swift; path = NameCardView.swift; sourceTree = "<group>"; };
		1C4CEB502AA9FACF0057C68A /* enchanted.mp3 */ = {isa = PBXFileReference; lastKnownFileType = audio.mp3; path = enchanted.mp3; sourceTree = "<group>"; };
		9C70FC9E2AAA2B4000F409D8 /* PieChartBeta.swift */ = {isa = PBXFileReference; fileEncoding = 4; lastKnownFileType = sourcecode.swift; path = PieChartBeta.swift; sourceTree = "<group>"; };
		9C70FC9F2AAA2B4000F409D8 /* GenreCalc.swift */ = {isa = PBXFileReference; fileEncoding = 4; lastKnownFileType = sourcecode.swift; path = GenreCalc.swift; sourceTree = "<group>"; };
/* End PBXFileReference section */

/* Begin PBXFrameworksBuildPhase section */
		1C0F8FA82AA71CC70076A957 /* Frameworks */ = {
			isa = PBXFrameworksBuildPhase;
			buildActionMask = 2147483647;
			files = (
			);
			runOnlyForDeploymentPostprocessing = 0;
		};
/* End PBXFrameworksBuildPhase section */

/* Begin PBXGroup section */
		1C0F8FA22AA71CC70076A957 = {
			isa = PBXGroup;
			children = (
				1C0F8FAD2AA71CC70076A957 /* Buskers */,
				1C0F8FAC2AA71CC70076A957 /* Products */,
			);
			sourceTree = "<group>";
		};
		1C0F8FAC2AA71CC70076A957 /* Products */ = {
			isa = PBXGroup;
			children = (
				1C0F8FAB2AA71CC70076A957 /* Buskers.app */,
			);
			name = Products;
			sourceTree = "<group>";
		};
		1C0F8FAD2AA71CC70076A957 /* Buskers */ = {
			isa = PBXGroup;
			children = (
				1C0F8FED2AA95AF60076A957 /* Views */,
				1C0F8FBE2AA80AB30076A957 /* Managers */,
				1C0F8FAE2AA71CC70076A957 /* BuskersApp.swift */,
				1C0F8FB22AA71CCA0076A957 /* Assets.xcassets */,
				1C0F8FB42AA71CCA0076A957 /* Preview Content */,
			);
			path = Buskers;
			sourceTree = "<group>";
		};
		1C0F8FB42AA71CCA0076A957 /* Preview Content */ = {
			isa = PBXGroup;
			children = (
				1C0F8FB52AA71CCA0076A957 /* Preview Assets.xcassets */,
			);
			path = "Preview Content";
			sourceTree = "<group>";
		};
		1C0F8FBE2AA80AB30076A957 /* Managers */ = {
			isa = PBXGroup;
			children = (
				1C0F8FC62AA80B790076A957 /* buskers.txt */,
				1C0F8FEE2AA95D2C0076A957 /* LocationManager.swift */,
				1C4CEB382AA96AF30057C68A /* BuskerManager.swift */,
			);
			path = Managers;
			sourceTree = "<group>";
		};
		1C0F8FED2AA95AF60076A957 /* Views */ = {
			isa = PBXGroup;
			children = (
				1C0F8FEB2AA8DA580076A957 /* LandingPageView.swift */,
				1C0F8FB02AA71CC70076A957 /* ContentView.swift */,
				1C0F8FF02AA9622F0076A957 /* LoadingView.swift */,
				1C4CEB3A2AA96B7E0057C68A /* SwipeView.swift */,
				1C4CEB442AA9BAFC0057C68A /* BuskerView.swift */,
				1C4CEB462AA9BB2B0057C68A /* CarousellView.swift */,
				1C4CEB4A2AA9BB730057C68A /* MusicPlayerView.swift */,
				1C4CEB4C2AA9EFC90057C68A /* BioView.swift */,
				1C4CEB4E2AA9F75F0057C68A /* NameCardView.swift */,
				9C70FC9E2AAA2B4000F409D8 /* PieChartBeta.swift */,
				9C70FC9F2AAA2B4000F409D8 /* GenreCalc.swift */,
				1C4CEB502AA9FACF0057C68A /* enchanted.mp3 */,
			);
			path = Views;
			sourceTree = "<group>";
		};
/* End PBXGroup section */

/* Begin PBXNativeTarget section */
		1C0F8FAA2AA71CC70076A957 /* Buskers */ = {
			isa = PBXNativeTarget;
			buildConfigurationList = 1C0F8FB92AA71CCA0076A957 /* Build configuration list for PBXNativeTarget "Buskers" */;
			buildPhases = (
				1C0F8FA72AA71CC70076A957 /* Sources */,
				1C0F8FA82AA71CC70076A957 /* Frameworks */,
				1C0F8FA92AA71CC70076A957 /* Resources */,
			);
			buildRules = (
			);
			dependencies = (
			);
			name = Buskers;
			productName = Buskers;
			productReference = 1C0F8FAB2AA71CC70076A957 /* Buskers.app */;
			productType = "com.apple.product-type.application";
		};
/* End PBXNativeTarget section */

/* Begin PBXProject section */
		1C0F8FA32AA71CC70076A957 /* Project object */ = {
			isa = PBXProject;
			attributes = {
				BuildIndependentTargetsInParallel = 1;
				LastSwiftUpdateCheck = 1430;
				LastUpgradeCheck = 1430;
				TargetAttributes = {
					1C0F8FAA2AA71CC70076A957 = {
						CreatedOnToolsVersion = 14.3.1;
					};
				};
			};
			buildConfigurationList = 1C0F8FA62AA71CC70076A957 /* Build configuration list for PBXProject "Buskers" */;
			compatibilityVersion = "Xcode 14.0";
			developmentRegion = en;
			hasScannedForEncodings = 0;
			knownRegions = (
				en,
				Base,
			);
			mainGroup = 1C0F8FA22AA71CC70076A957;
			productRefGroup = 1C0F8FAC2AA71CC70076A957 /* Products */;
			projectDirPath = "";
			projectRoot = "";
			targets = (
				1C0F8FAA2AA71CC70076A957 /* Buskers */,
			);
		};
/* End PBXProject section */

/* Begin PBXResourcesBuildPhase section */
		1C0F8FA92AA71CC70076A957 /* Resources */ = {
			isa = PBXResourcesBuildPhase;
			buildActionMask = 2147483647;
			files = (
				1C0F8FC72AA80B790076A957 /* buskers.txt in Resources */,
				1C4CEB512AA9FACF0057C68A /* enchanted.mp3 in Resources */,
				1C0F8FB62AA71CCA0076A957 /* Preview Assets.xcassets in Resources */,
				1C0F8FB32AA71CCA0076A957 /* Assets.xcassets in Resources */,
			);
			runOnlyForDeploymentPostprocessing = 0;
		};
/* End PBXResourcesBuildPhase section */

/* Begin PBXSourcesBuildPhase section */
		1C0F8FA72AA71CC70076A957 /* Sources */ = {
			isa = PBXSourcesBuildPhase;
			buildActionMask = 2147483647;
			files = (
				1C0F8FB12AA71CC70076A957 /* ContentView.swift in Sources */,
				1C0F8FEC2AA8DA580076A957 /* LandingPageView.swift in Sources */,
				1C4CEB4F2AA9F75F0057C68A /* NameCardView.swift in Sources */,
				1C4CEB452AA9BAFC0057C68A /* BuskerView.swift in Sources */,
				9C70FCA02AAA2B4000F409D8 /* PieChartBeta.swift in Sources */,
				1C4CEB472AA9BB2B0057C68A /* CarousellView.swift in Sources */,
				1C0F8FEF2AA95D2C0076A957 /* LocationManager.swift in Sources */,
				1C0F8FAF2AA71CC70076A957 /* BuskersApp.swift in Sources */,
				1C4CEB3B2AA96B7E0057C68A /* SwipeView.swift in Sources */,
				1C0F8FF12AA9622F0076A957 /* LoadingView.swift in Sources */,
				9C70FCA12AAA2B4000F409D8 /* GenreCalc.swift in Sources */,
				1C4CEB4D2AA9EFC90057C68A /* BioView.swift in Sources */,
				1C4CEB4B2AA9BB730057C68A /* MusicPlayerView.swift in Sources */,
				1C4CEB392AA96AF30057C68A /* BuskerManager.swift in Sources */,
			);
			runOnlyForDeploymentPostprocessing = 0;
		};
/* End PBXSourcesBuildPhase section */

/* Begin XCBuildConfiguration section */
		1C0F8FB72AA71CCA0076A957 /* Debug */ = {
			isa = XCBuildConfiguration;
			buildSettings = {
				ALWAYS_SEARCH_USER_PATHS = NO;
				CLANG_ANALYZER_NONNULL = YES;
				CLANG_ANALYZER_NUMBER_OBJECT_CONVERSION = YES_AGGRESSIVE;
				CLANG_CXX_LANGUAGE_STANDARD = "gnu++20";
				CLANG_ENABLE_MODULES = YES;
				CLANG_ENABLE_OBJC_ARC = YES;
				CLANG_ENABLE_OBJC_WEAK = YES;
				CLANG_WARN_BLOCK_CAPTURE_AUTORELEASING = YES;
				CLANG_WARN_BOOL_CONVERSION = YES;
				CLANG_WARN_COMMA = YES;
				CLANG_WARN_CONSTANT_CONVERSION = YES;
				CLANG_WARN_DEPRECATED_OBJC_IMPLEMENTATIONS = YES;
				CLANG_WARN_DIRECT_OBJC_ISA_USAGE = YES_ERROR;
				CLANG_WARN_DOCUMENTATION_COMMENTS = YES;
				CLANG_WARN_EMPTY_BODY = YES;
				CLANG_WARN_ENUM_CONVERSION = YES;
				CLANG_WARN_INFINITE_RECURSION = YES;
				CLANG_WARN_INT_CONVERSION = YES;
				CLANG_WARN_NON_LITERAL_NULL_CONVERSION = YES;
				CLANG_WARN_OBJC_IMPLICIT_RETAIN_SELF = YES;
				CLANG_WARN_OBJC_LITERAL_CONVERSION = YES;
				CLANG_WARN_OBJC_ROOT_CLASS = YES_ERROR;
				CLANG_WARN_QUOTED_INCLUDE_IN_FRAMEWORK_HEADER = YES;
				CLANG_WARN_RANGE_LOOP_ANALYSIS = YES;
				CLANG_WARN_STRICT_PROTOTYPES = YES;
				CLANG_WARN_SUSPICIOUS_MOVE = YES;
				CLANG_WARN_UNGUARDED_AVAILABILITY = YES_AGGRESSIVE;
				CLANG_WARN_UNREACHABLE_CODE = YES;
				CLANG_WARN__DUPLICATE_METHOD_MATCH = YES;
				COPY_PHASE_STRIP = NO;
				DEBUG_INFORMATION_FORMAT = dwarf;
				ENABLE_STRICT_OBJC_MSGSEND = YES;
				ENABLE_TESTABILITY = YES;
				GCC_C_LANGUAGE_STANDARD = gnu11;
				GCC_DYNAMIC_NO_PIC = NO;
				GCC_NO_COMMON_BLOCKS = YES;
				GCC_OPTIMIZATION_LEVEL = 0;
				GCC_PREPROCESSOR_DEFINITIONS = (
					"DEBUG=1",
					"$(inherited)",
				);
				GCC_WARN_64_TO_32_BIT_CONVERSION = YES;
				GCC_WARN_ABOUT_RETURN_TYPE = YES_ERROR;
				GCC_WARN_UNDECLARED_SELECTOR = YES;
				GCC_WARN_UNINITIALIZED_AUTOS = YES_AGGRESSIVE;
				GCC_WARN_UNUSED_FUNCTION = YES;
				GCC_WARN_UNUSED_VARIABLE = YES;
				IPHONEOS_DEPLOYMENT_TARGET = 16.4;
				MTL_ENABLE_DEBUG_INFO = INCLUDE_SOURCE;
				MTL_FAST_MATH = YES;
				ONLY_ACTIVE_ARCH = YES;
				SDKROOT = iphoneos;
				SWIFT_ACTIVE_COMPILATION_CONDITIONS = DEBUG;
				SWIFT_OPTIMIZATION_LEVEL = "-Onone";
			};
			name = Debug;
		};
		1C0F8FB82AA71CCA0076A957 /* Release */ = {
			isa = XCBuildConfiguration;
			buildSettings = {
				ALWAYS_SEARCH_USER_PATHS = NO;
				CLANG_ANALYZER_NONNULL = YES;
				CLANG_ANALYZER_NUMBER_OBJECT_CONVERSION = YES_AGGRESSIVE;
				CLANG_CXX_LANGUAGE_STANDARD = "gnu++20";
				CLANG_ENABLE_MODULES = YES;
				CLANG_ENABLE_OBJC_ARC = YES;
				CLANG_ENABLE_OBJC_WEAK = YES;
				CLANG_WARN_BLOCK_CAPTURE_AUTORELEASING = YES;
				CLANG_WARN_BOOL_CONVERSION = YES;
				CLANG_WARN_COMMA = YES;
				CLANG_WARN_CONSTANT_CONVERSION = YES;
				CLANG_WARN_DEPRECATED_OBJC_IMPLEMENTATIONS = YES;
				CLANG_WARN_DIRECT_OBJC_ISA_USAGE = YES_ERROR;
				CLANG_WARN_DOCUMENTATION_COMMENTS = YES;
				CLANG_WARN_EMPTY_BODY = YES;
				CLANG_WARN_ENUM_CONVERSION = YES;
				CLANG_WARN_INFINITE_RECURSION = YES;
				CLANG_WARN_INT_CONVERSION = YES;
				CLANG_WARN_NON_LITERAL_NULL_CONVERSION = YES;
				CLANG_WARN_OBJC_IMPLICIT_RETAIN_SELF = YES;
				CLANG_WARN_OBJC_LITERAL_CONVERSION = YES;
				CLANG_WARN_OBJC_ROOT_CLASS = YES_ERROR;
				CLANG_WARN_QUOTED_INCLUDE_IN_FRAMEWORK_HEADER = YES;
				CLANG_WARN_RANGE_LOOP_ANALYSIS = YES;
				CLANG_WARN_STRICT_PROTOTYPES = YES;
				CLANG_WARN_SUSPICIOUS_MOVE = YES;
				CLANG_WARN_UNGUARDED_AVAILABILITY = YES_AGGRESSIVE;
				CLANG_WARN_UNREACHABLE_CODE = YES;
				CLANG_WARN__DUPLICATE_METHOD_MATCH = YES;
				COPY_PHASE_STRIP = NO;
				DEBUG_INFORMATION_FORMAT = "dwarf-with-dsym";
				ENABLE_NS_ASSERTIONS = NO;
				ENABLE_STRICT_OBJC_MSGSEND = YES;
				GCC_C_LANGUAGE_STANDARD = gnu11;
				GCC_NO_COMMON_BLOCKS = YES;
				GCC_WARN_64_TO_32_BIT_CONVERSION = YES;
				GCC_WARN_ABOUT_RETURN_TYPE = YES_ERROR;
				GCC_WARN_UNDECLARED_SELECTOR = YES;
				GCC_WARN_UNINITIALIZED_AUTOS = YES_AGGRESSIVE;
				GCC_WARN_UNUSED_FUNCTION = YES;
				GCC_WARN_UNUSED_VARIABLE = YES;
				IPHONEOS_DEPLOYMENT_TARGET = 16.4;
				MTL_ENABLE_DEBUG_INFO = NO;
				MTL_FAST_MATH = YES;
				SDKROOT = iphoneos;
				SWIFT_COMPILATION_MODE = wholemodule;
				SWIFT_OPTIMIZATION_LEVEL = "-O";
				VALIDATE_PRODUCT = YES;
			};
			name = Release;
		};
		1C0F8FBA2AA71CCA0076A957 /* Debug */ = {
			isa = XCBuildConfiguration;
			buildSettings = {
				ASSETCATALOG_COMPILER_APPICON_NAME = AppIcon;
				ASSETCATALOG_COMPILER_GLOBAL_ACCENT_COLOR_NAME = AccentColor;
				CODE_SIGN_STYLE = Automatic;
				CURRENT_PROJECT_VERSION = 1;
				DEVELOPMENT_ASSET_PATHS = "\"Buskers/Preview Content\"";
				DEVELOPMENT_TEAM = M9M82Y62N7;
				ENABLE_PREVIEWS = YES;
				GENERATE_INFOPLIST_FILE = YES;
				INFOPLIST_KEY_UIApplicationSceneManifest_Generation = YES;
				INFOPLIST_KEY_UIApplicationSupportsIndirectInputEvents = YES;
				INFOPLIST_KEY_UILaunchScreen_Generation = YES;
				INFOPLIST_KEY_UISupportedInterfaceOrientations_iPad = "UIInterfaceOrientationPortrait UIInterfaceOrientationPortraitUpsideDown UIInterfaceOrientationLandscapeLeft UIInterfaceOrientationLandscapeRight";
				INFOPLIST_KEY_UISupportedInterfaceOrientations_iPhone = "UIInterfaceOrientationPortrait UIInterfaceOrientationLandscapeLeft UIInterfaceOrientationLandscapeRight";
				IPHONEOS_DEPLOYMENT_TARGET = 17.0;
				LD_RUNPATH_SEARCH_PATHS = (
					"$(inherited)",
					"@executable_path/Frameworks",
				);
				MARKETING_VERSION = 1.0;
				PRODUCT_BUNDLE_IDENTIFIER = com.example.Buskers47;
				PRODUCT_NAME = "$(TARGET_NAME)";
				SWIFT_EMIT_LOC_STRINGS = YES;
				SWIFT_VERSION = 5.0;
				TARGETED_DEVICE_FAMILY = "1,2";
			};
			name = Debug;
		};
		1C0F8FBB2AA71CCA0076A957 /* Release */ = {
			isa = XCBuildConfiguration;
			buildSettings = {
				ASSETCATALOG_COMPILER_APPICON_NAME = AppIcon;
				ASSETCATALOG_COMPILER_GLOBAL_ACCENT_COLOR_NAME = AccentColor;
				CODE_SIGN_STYLE = Automatic;
				CURRENT_PROJECT_VERSION = 1;
				DEVELOPMENT_ASSET_PATHS = "\"Buskers/Preview Content\"";
				DEVELOPMENT_TEAM = M9M82Y62N7;
				ENABLE_PREVIEWS = YES;
				GENERATE_INFOPLIST_FILE = YES;
				INFOPLIST_KEY_UIApplicationSceneManifest_Generation = YES;
				INFOPLIST_KEY_UIApplicationSupportsIndirectInputEvents = YES;
				INFOPLIST_KEY_UILaunchScreen_Generation = YES;
				INFOPLIST_KEY_UISupportedInterfaceOrientations_iPad = "UIInterfaceOrientationPortrait UIInterfaceOrientationPortraitUpsideDown UIInterfaceOrientationLandscapeLeft UIInterfaceOrientationLandscapeRight";
				INFOPLIST_KEY_UISupportedInterfaceOrientations_iPhone = "UIInterfaceOrientationPortrait UIInterfaceOrientationLandscapeLeft UIInterfaceOrientationLandscapeRight";
				IPHONEOS_DEPLOYMENT_TARGET = 17.0;
				LD_RUNPATH_SEARCH_PATHS = (
					"$(inherited)",
					"@executable_path/Frameworks",
				);
				MARKETING_VERSION = 1.0;
				PRODUCT_BUNDLE_IDENTIFIER = com.example.Buskers47;
				PRODUCT_NAME = "$(TARGET_NAME)";
				SWIFT_EMIT_LOC_STRINGS = YES;
				SWIFT_VERSION = 5.0;
				TARGETED_DEVICE_FAMILY = "1,2";
			};
			name = Release;
		};
/* End XCBuildConfiguration section */

/* Begin XCConfigurationList section */
		1C0F8FA62AA71CC70076A957 /* Build configuration list for PBXProject "Buskers" */ = {
			isa = XCConfigurationList;
			buildConfigurations = (
				1C0F8FB72AA71CCA0076A957 /* Debug */,
				1C0F8FB82AA71CCA0076A957 /* Release */,
			);
			defaultConfigurationIsVisible = 0;
			defaultConfigurationName = Release;
		};
		1C0F8FB92AA71CCA0076A957 /* Build configuration list for PBXNativeTarget "Buskers" */ = {
			isa = XCConfigurationList;
			buildConfigurations = (
				1C0F8FBA2AA71CCA0076A957 /* Debug */,
				1C0F8FBB2AA71CCA0076A957 /* Release */,
			);
			defaultConfigurationIsVisible = 0;
			defaultConfigurationName = Release;
		};
/* End XCConfigurationList section */
	};
	rootObject = 1C0F8FA32AA71CC70076A957 /* Project object */;
}
